// !$*UTF8*$!
{
	archiveVersion = 1;
	classes = {
	};
	objectVersion = 50;
	objects = {

/* Begin PBXBuildFile section */
		BC49A9BB26995C8F00321E7C /* AppDelegate.m in Sources */ = {isa = PBXBuildFile; fileRef = BC49A9BA26995C8F00321E7C /* AppDelegate.m */; };
		BC49A9BE26995C8F00321E7C /* SceneDelegate.m in Sources */ = {isa = PBXBuildFile; fileRef = BC49A9BD26995C8F00321E7C /* SceneDelegate.m */; };
		BC49A9C126995C8F00321E7C /* ViewController.m in Sources */ = {isa = PBXBuildFile; fileRef = BC49A9C026995C8F00321E7C /* ViewController.m */; };
		BC49A9C426995C8F00321E7C /* Main.storyboard in Resources */ = {isa = PBXBuildFile; fileRef = BC49A9C226995C8F00321E7C /* Main.storyboard */; };
		BC49A9C626995C9300321E7C /* Assets.xcassets in Resources */ = {isa = PBXBuildFile; fileRef = BC49A9C526995C9300321E7C /* Assets.xcassets */; };
		BC49A9C926995C9300321E7C /* LaunchScreen.storyboard in Resources */ = {isa = PBXBuildFile; fileRef = BC49A9C726995C9300321E7C /* LaunchScreen.storyboard */; };
		BC49A9CC26995C9300321E7C /* main.m in Sources */ = {isa = PBXBuildFile; fileRef = BC49A9CB26995C9300321E7C /* main.m */; };
		BC49A9D626995C9400321E7C /* YesGestureRecognizerTests.m in Sources */ = {isa = PBXBuildFile; fileRef = BC49A9D526995C9400321E7C /* YesGestureRecognizerTests.m */; };
		BC49A9E126995C9400321E7C /* YesGestureRecognizerUITests.m in Sources */ = {isa = PBXBuildFile; fileRef = BC49A9E026995C9400321E7C /* YesGestureRecognizerUITests.m */; };
/* End PBXBuildFile section */

/* Begin PBXContainerItemProxy section */
		BC49A9D226995C9400321E7C /* PBXContainerItemProxy */ = {
			isa = PBXContainerItemProxy;
			containerPortal = BC49A9AE26995C8F00321E7C /* Project object */;
			proxyType = 1;
			remoteGlobalIDString = BC49A9B526995C8F00321E7C;
			remoteInfo = YesGestureRecognizer;
		};
		BC49A9DD26995C9400321E7C /* PBXContainerItemProxy */ = {
			isa = PBXContainerItemProxy;
			containerPortal = BC49A9AE26995C8F00321E7C /* Project object */;
			proxyType = 1;
			remoteGlobalIDString = BC49A9B526995C8F00321E7C;
			remoteInfo = YesGestureRecognizer;
		};
/* End PBXContainerItemProxy section */

/* Begin PBXFileReference section */
		BC49A9B626995C8F00321E7C /* YesGestureRecognizer.app */ = {isa = PBXFileReference; explicitFileType = wrapper.application; includeInIndex = 0; path = YesGestureRecognizer.app; sourceTree = BUILT_PRODUCTS_DIR; };
		BC49A9B926995C8F00321E7C /* AppDelegate.h */ = {isa = PBXFileReference; lastKnownFileType = sourcecode.c.h; path = AppDelegate.h; sourceTree = "<group>"; };
		BC49A9BA26995C8F00321E7C /* AppDelegate.m */ = {isa = PBXFileReference; lastKnownFileType = sourcecode.c.objc; path = AppDelegate.m; sourceTree = "<group>"; };
		BC49A9BC26995C8F00321E7C /* SceneDelegate.h */ = {isa = PBXFileReference; lastKnownFileType = sourcecode.c.h; path = SceneDelegate.h; sourceTree = "<group>"; };
		BC49A9BD26995C8F00321E7C /* SceneDelegate.m */ = {isa = PBXFileReference; lastKnownFileType = sourcecode.c.objc; path = SceneDelegate.m; sourceTree = "<group>"; };
		BC49A9BF26995C8F00321E7C /* ViewController.h */ = {isa = PBXFileReference; lastKnownFileType = sourcecode.c.h; path = ViewController.h; sourceTree = "<group>"; };
		BC49A9C026995C8F00321E7C /* ViewController.m */ = {isa = PBXFileReference; lastKnownFileType = sourcecode.c.objc; path = ViewController.m; sourceTree = "<group>"; };
		BC49A9C326995C8F00321E7C /* Base */ = {isa = PBXFileReference; lastKnownFileType = file.storyboard; name = Base; path = Base.lproj/Main.storyboard; sourceTree = "<group>"; };
		BC49A9C526995C9300321E7C /* Assets.xcassets */ = {isa = PBXFileReference; lastKnownFileType = folder.assetcatalog; path = Assets.xcassets; sourceTree = "<group>"; };
		BC49A9C826995C9300321E7C /* Base */ = {isa = PBXFileReference; lastKnownFileType = file.storyboard; name = Base; path = Base.lproj/LaunchScreen.storyboard; sourceTree = "<group>"; };
		BC49A9CA26995C9300321E7C /* Info.plist */ = {isa = PBXFileReference; lastKnownFileType = text.plist.xml; path = Info.plist; sourceTree = "<group>"; };
		BC49A9CB26995C9300321E7C /* main.m */ = {isa = PBXFileReference; lastKnownFileType = sourcecode.c.objc; path = main.m; sourceTree = "<group>"; };
		BC49A9D126995C9400321E7C /* YesGestureRecognizerTests.xctest */ = {isa = PBXFileReference; explicitFileType = wrapper.cfbundle; includeInIndex = 0; path = YesGestureRecognizerTests.xctest; sourceTree = BUILT_PRODUCTS_DIR; };
		BC49A9D526995C9400321E7C /* YesGestureRecognizerTests.m */ = {isa = PBXFileReference; lastKnownFileType = sourcecode.c.objc; path = YesGestureRecognizerTests.m; sourceTree = "<group>"; };
		BC49A9D726995C9400321E7C /* Info.plist */ = {isa = PBXFileReference; lastKnownFileType = text.plist.xml; path = Info.plist; sourceTree = "<group>"; };
		BC49A9DC26995C9400321E7C /* YesGestureRecognizerUITests.xctest */ = {isa = PBXFileReference; explicitFileType = wrapper.cfbundle; includeInIndex = 0; path = YesGestureRecognizerUITests.xctest; sourceTree = BUILT_PRODUCTS_DIR; };
		BC49A9E026995C9400321E7C /* YesGestureRecognizerUITests.m */ = {isa = PBXFileReference; lastKnownFileType = sourcecode.c.objc; path = YesGestureRecognizerUITests.m; sourceTree = "<group>"; };
		BC49A9E226995C9400321E7C /* Info.plist */ = {isa = PBXFileReference; lastKnownFileType = text.plist.xml; path = Info.plist; sourceTree = "<group>"; };
/* End PBXFileReference section */

/* Begin PBXFrameworksBuildPhase section */
		BC49A9B326995C8F00321E7C /* Frameworks */ = {
			isa = PBXFrameworksBuildPhase;
			buildActionMask = 2147483647;
			files = (
			);
			runOnlyForDeploymentPostprocessing = 0;
		};
		BC49A9CE26995C9400321E7C /* Frameworks */ = {
			isa = PBXFrameworksBuildPhase;
			buildActionMask = 2147483647;
			files = (
			);
			runOnlyForDeploymentPostprocessing = 0;
		};
		BC49A9D926995C9400321E7C /* Frameworks */ = {
			isa = PBXFrameworksBuildPhase;
			buildActionMask = 2147483647;
			files = (
			);
			runOnlyForDeploymentPostprocessing = 0;
		};
/* End PBXFrameworksBuildPhase section */

/* Begin PBXGroup section */
		BC49A9AD26995C8F00321E7C = {
			isa = PBXGroup;
			children = (
				BC49A9B826995C8F00321E7C /* YesGestureRecognizer */,
				BC49A9D426995C9400321E7C /* YesGestureRecognizerTests */,
				BC49A9DF26995C9400321E7C /* YesGestureRecognizerUITests */,
				BC49A9B726995C8F00321E7C /* Products */,
			);
			sourceTree = "<group>";
		};
		BC49A9B726995C8F00321E7C /* Products */ = {
			isa = PBXGroup;
			children = (
				BC49A9B626995C8F00321E7C /* YesGestureRecognizer.app */,
				BC49A9D126995C9400321E7C /* YesGestureRecognizerTests.xctest */,
				BC49A9DC26995C9400321E7C /* YesGestureRecognizerUITests.xctest */,
			);
			name = Products;
			sourceTree = "<group>";
		};
		BC49A9B826995C8F00321E7C /* YesGestureRecognizer */ = {
			isa = PBXGroup;
			children = (
				BC49A9B926995C8F00321E7C /* AppDelegate.h */,
				BC49A9BA26995C8F00321E7C /* AppDelegate.m */,
				BC49A9BC26995C8F00321E7C /* SceneDelegate.h */,
				BC49A9BD26995C8F00321E7C /* SceneDelegate.m */,
				BC49A9BF26995C8F00321E7C /* ViewController.h */,
				BC49A9C026995C8F00321E7C /* ViewController.m */,
				BC49A9C226995C8F00321E7C /* Main.storyboard */,
				BC49A9C526995C9300321E7C /* Assets.xcassets */,
				BC49A9C726995C9300321E7C /* LaunchScreen.storyboard */,
				BC49A9CA26995C9300321E7C /* Info.plist */,
				BC49A9CB26995C9300321E7C /* main.m */,
			);
			path = YesGestureRecognizer;
			sourceTree = "<group>";
		};
		BC49A9D426995C9400321E7C /* YesGestureRecognizerTests */ = {
			isa = PBXGroup;
			children = (
				BC49A9D526995C9400321E7C /* YesGestureRecognizerTests.m */,
				BC49A9D726995C9400321E7C /* Info.plist */,
			);
			path = YesGestureRecognizerTests;
			sourceTree = "<group>";
		};
		BC49A9DF26995C9400321E7C /* YesGestureRecognizerUITests */ = {
			isa = PBXGroup;
			children = (
				BC49A9E026995C9400321E7C /* YesGestureRecognizerUITests.m */,
				BC49A9E226995C9400321E7C /* Info.plist */,
			);
			path = YesGestureRecognizerUITests;
			sourceTree = "<group>";
		};
/* End PBXGroup section */

/* Begin PBXNativeTarget section */
		BC49A9B526995C8F00321E7C /* YesGestureRecognizer */ = {
			isa = PBXNativeTarget;
			buildConfigurationList = BC49A9E526995C9400321E7C /* Build configuration list for PBXNativeTarget "YesGestureRecognizer" */;
			buildPhases = (
				BC49A9B226995C8F00321E7C /* Sources */,
				BC49A9B326995C8F00321E7C /* Frameworks */,
				BC49A9B426995C8F00321E7C /* Resources */,
			);
			buildRules = (
			);
			dependencies = (
			);
			name = YesGestureRecognizer;
			productName = YesGestureRecognizer;
			productReference = BC49A9B626995C8F00321E7C /* YesGestureRecognizer.app */;
			productType = "com.apple.product-type.application";
		};
		BC49A9D026995C9400321E7C /* YesGestureRecognizerTests */ = {
			isa = PBXNativeTarget;
			buildConfigurationList = BC49A9E826995C9400321E7C /* Build configuration list for PBXNativeTarget "YesGestureRecognizerTests" */;
			buildPhases = (
				BC49A9CD26995C9400321E7C /* Sources */,
				BC49A9CE26995C9400321E7C /* Frameworks */,
				BC49A9CF26995C9400321E7C /* Resources */,
			);
			buildRules = (
			);
			dependencies = (
				BC49A9D326995C9400321E7C /* PBXTargetDependency */,
			);
			name = YesGestureRecognizerTests;
			productName = YesGestureRecognizerTests;
			productReference = BC49A9D126995C9400321E7C /* YesGestureRecognizerTests.xctest */;
			productType = "com.apple.product-type.bundle.unit-test";
		};
		BC49A9DB26995C9400321E7C /* YesGestureRecognizerUITests */ = {
			isa = PBXNativeTarget;
			buildConfigurationList = BC49A9EB26995C9400321E7C /* Build configuration list for PBXNativeTarget "YesGestureRecognizerUITests" */;
			buildPhases = (
				BC49A9D826995C9400321E7C /* Sources */,
				BC49A9D926995C9400321E7C /* Frameworks */,
				BC49A9DA26995C9400321E7C /* Resources */,
			);
			buildRules = (
			);
			dependencies = (
				BC49A9DE26995C9400321E7C /* PBXTargetDependency */,
			);
			name = YesGestureRecognizerUITests;
			productName = YesGestureRecognizerUITests;
			productReference = BC49A9DC26995C9400321E7C /* YesGestureRecognizerUITests.xctest */;
			productType = "com.apple.product-type.bundle.ui-testing";
		};
/* End PBXNativeTarget section */

/* Begin PBXProject section */
		BC49A9AE26995C8F00321E7C /* Project object */ = {
			isa = PBXProject;
			attributes = {
				LastUpgradeCheck = 1250;
				TargetAttributes = {
					BC49A9B526995C8F00321E7C = {
						CreatedOnToolsVersion = 12.5.1;
					};
					BC49A9D026995C9400321E7C = {
						CreatedOnToolsVersion = 12.5.1;
						TestTargetID = BC49A9B526995C8F00321E7C;
					};
					BC49A9DB26995C9400321E7C = {
						CreatedOnToolsVersion = 12.5.1;
						TestTargetID = BC49A9B526995C8F00321E7C;
					};
				};
			};
			buildConfigurationList = BC49A9B126995C8F00321E7C /* Build configuration list for PBXProject "YesGestureRecognizer" */;
			compatibilityVersion = "Xcode 9.3";
			developmentRegion = en;
			hasScannedForEncodings = 0;
			knownRegions = (
				en,
				Base,
			);
			mainGroup = BC49A9AD26995C8F00321E7C;
			productRefGroup = BC49A9B726995C8F00321E7C /* Products */;
			projectDirPath = "";
			projectRoot = "";
			targets = (
				BC49A9B526995C8F00321E7C /* YesGestureRecognizer */,
				BC49A9D026995C9400321E7C /* YesGestureRecognizerTests */,
				BC49A9DB26995C9400321E7C /* YesGestureRecognizerUITests */,
			);
		};
/* End PBXProject section */

/* Begin PBXResourcesBuildPhase section */
		BC49A9B426995C8F00321E7C /* Resources */ = {
			isa = PBXResourcesBuildPhase;
			buildActionMask = 2147483647;
			files = (
				BC49A9C926995C9300321E7C /* LaunchScreen.storyboard in Resources */,
				BC49A9C626995C9300321E7C /* Assets.xcassets in Resources */,
				BC49A9C426995C8F00321E7C /* Main.storyboard in Resources */,
			);
			runOnlyForDeploymentPostprocessing = 0;
		};
		BC49A9CF26995C9400321E7C /* Resources */ = {
			isa = PBXResourcesBuildPhase;
			buildActionMask = 2147483647;
			files = (
			);
			runOnlyForDeploymentPostprocessing = 0;
		};
		BC49A9DA26995C9400321E7C /* Resources */ = {
			isa = PBXResourcesBuildPhase;
			buildActionMask = 2147483647;
			files = (
			);
			runOnlyForDeploymentPostprocessing = 0;
		};
/* End PBXResourcesBuildPhase section */

/* Begin PBXSourcesBuildPhase section */
		BC49A9B226995C8F00321E7C /* Sources */ = {
			isa = PBXSourcesBuildPhase;
			buildActionMask = 2147483647;
			files = (
				BC49A9C126995C8F00321E7C /* ViewController.m in Sources */,
				BC49A9BB26995C8F00321E7C /* AppDelegate.m in Sources */,
				BC49A9CC26995C9300321E7C /* main.m in Sources */,
				BC49A9BE26995C8F00321E7C /* SceneDelegate.m in Sources */,
			);
			runOnlyForDeploymentPostprocessing = 0;
		};
		BC49A9CD26995C9400321E7C /* Sources */ = {
			isa = PBXSourcesBuildPhase;
			buildActionMask = 2147483647;
			files = (
				BC49A9D626995C9400321E7C /* YesGestureRecognizerTests.m in Sources */,
			);
			runOnlyForDeploymentPostprocessing = 0;
		};
		BC49A9D826995C9400321E7C /* Sources */ = {
			isa = PBXSourcesBuildPhase;
			buildActionMask = 2147483647;
			files = (
				BC49A9E126995C9400321E7C /* YesGestureRecognizerUITests.m in Sources */,
			);
			runOnlyForDeploymentPostprocessing = 0;
		};
/* End PBXSourcesBuildPhase section */

/* Begin PBXTargetDependency section */
		BC49A9D326995C9400321E7C /* PBXTargetDependency */ = {
			isa = PBXTargetDependency;
			target = BC49A9B526995C8F00321E7C /* YesGestureRecognizer */;
			targetProxy = BC49A9D226995C9400321E7C /* PBXContainerItemProxy */;
		};
		BC49A9DE26995C9400321E7C /* PBXTargetDependency */ = {
			isa = PBXTargetDependency;
			target = BC49A9B526995C8F00321E7C /* YesGestureRecognizer */;
			targetProxy = BC49A9DD26995C9400321E7C /* PBXContainerItemProxy */;
		};
/* End PBXTargetDependency section */

/* Begin PBXVariantGroup section */
		BC49A9C226995C8F00321E7C /* Main.storyboard */ = {
			isa = PBXVariantGroup;
			children = (
				BC49A9C326995C8F00321E7C /* Base */,
			);
			name = Main.storyboard;
			sourceTree = "<group>";
		};
		BC49A9C726995C9300321E7C /* LaunchScreen.storyboard */ = {
			isa = PBXVariantGroup;
			children = (
				BC49A9C826995C9300321E7C /* Base */,
			);
			name = LaunchScreen.storyboard;
			sourceTree = "<group>";
		};
/* End PBXVariantGroup section */

/* Begin XCBuildConfiguration section */
		BC49A9E326995C9400321E7C /* Debug */ = {
			isa = XCBuildConfiguration;
			buildSettings = {
				ALWAYS_SEARCH_USER_PATHS = NO;
				CLANG_ANALYZER_NONNULL = YES;
				CLANG_ANALYZER_NUMBER_OBJECT_CONVERSION = YES_AGGRESSIVE;
				CLANG_CXX_LANGUAGE_STANDARD = "gnu++14";
				CLANG_CXX_LIBRARY = "libc++";
				CLANG_ENABLE_MODULES = YES;
				CLANG_ENABLE_OBJC_ARC = YES;
				CLANG_ENABLE_OBJC_WEAK = YES;
				CLANG_WARN_BLOCK_CAPTURE_AUTORELEASING = YES;
				CLANG_WARN_BOOL_CONVERSION = YES;
				CLANG_WARN_COMMA = YES;
				CLANG_WARN_CONSTANT_CONVERSION = YES;
				CLANG_WARN_DEPRECATED_OBJC_IMPLEMENTATIONS = YES;
				CLANG_WARN_DIRECT_OBJC_ISA_USAGE = YES_ERROR;
				CLANG_WARN_DOCUMENTATION_COMMENTS = YES;
				CLANG_WARN_EMPTY_BODY = YES;
				CLANG_WARN_ENUM_CONVERSION = YES;
				CLANG_WARN_INFINITE_RECURSION = YES;
				CLANG_WARN_INT_CONVERSION = YES;
				CLANG_WARN_NON_LITERAL_NULL_CONVERSION = YES;
				CLANG_WARN_OBJC_IMPLICIT_RETAIN_SELF = YES;
				CLANG_WARN_OBJC_LITERAL_CONVERSION = YES;
				CLANG_WARN_OBJC_ROOT_CLASS = YES_ERROR;
				CLANG_WARN_QUOTED_INCLUDE_IN_FRAMEWORK_HEADER = YES;
				CLANG_WARN_RANGE_LOOP_ANALYSIS = YES;
				CLANG_WARN_STRICT_PROTOTYPES = YES;
				CLANG_WARN_SUSPICIOUS_MOVE = YES;
				CLANG_WARN_UNGUARDED_AVAILABILITY = YES_AGGRESSIVE;
				CLANG_WARN_UNREACHABLE_CODE = YES;
				CLANG_WARN__DUPLICATE_METHOD_MATCH = YES;
				COPY_PHASE_STRIP = NO;
				DEBUG_INFORMATION_FORMAT = dwarf;
				ENABLE_STRICT_OBJC_MSGSEND = YES;
				ENABLE_TESTABILITY = YES;
				GCC_C_LANGUAGE_STANDARD = gnu11;
				GCC_DYNAMIC_NO_PIC = NO;
				GCC_NO_COMMON_BLOCKS = YES;
				GCC_OPTIMIZATION_LEVEL = 0;
				GCC_PREPROCESSOR_DEFINITIONS = (
					"DEBUG=1",
					"$(inherited)",
				);
				GCC_WARN_64_TO_32_BIT_CONVERSION = YES;
				GCC_WARN_ABOUT_RETURN_TYPE = YES_ERROR;
				GCC_WARN_UNDECLARED_SELECTOR = YES;
				GCC_WARN_UNINITIALIZED_AUTOS = YES_AGGRESSIVE;
				GCC_WARN_UNUSED_FUNCTION = YES;
				GCC_WARN_UNUSED_VARIABLE = YES;
				IPHONEOS_DEPLOYMENT_TARGET = 14.5;
				MTL_ENABLE_DEBUG_INFO = INCLUDE_SOURCE;
				MTL_FAST_MATH = YES;
				ONLY_ACTIVE_ARCH = YES;
				SDKROOT = iphoneos;
			};
			name = Debug;
		};
		BC49A9E426995C9400321E7C /* Release */ = {
			isa = XCBuildConfiguration;
			buildSettings = {
				ALWAYS_SEARCH_USER_PATHS = NO;
				CLANG_ANALYZER_NONNULL = YES;
				CLANG_ANALYZER_NUMBER_OBJECT_CONVERSION = YES_AGGRESSIVE;
				CLANG_CXX_LANGUAGE_STANDARD = "gnu++14";
				CLANG_CXX_LIBRARY = "libc++";
				CLANG_ENABLE_MODULES = YES;
				CLANG_ENABLE_OBJC_ARC = YES;
				CLANG_ENABLE_OBJC_WEAK = YES;
				CLANG_WARN_BLOCK_CAPTURE_AUTORELEASING = YES;
				CLANG_WARN_BOOL_CONVERSION = YES;
				CLANG_WARN_COMMA = YES;
				CLANG_WARN_CONSTANT_CONVERSION = YES;
				CLANG_WARN_DEPRECATED_OBJC_IMPLEMENTATIONS = YES;
				CLANG_WARN_DIRECT_OBJC_ISA_USAGE = YES_ERROR;
				CLANG_WARN_DOCUMENTATION_COMMENTS = YES;
				CLANG_WARN_EMPTY_BODY = YES;
				CLANG_WARN_ENUM_CONVERSION = YES;
				CLANG_WARN_INFINITE_RECURSION = YES;
				CLANG_WARN_INT_CONVERSION = YES;
				CLANG_WARN_NON_LITERAL_NULL_CONVERSION = YES;
				CLANG_WARN_OBJC_IMPLICIT_RETAIN_SELF = YES;
				CLANG_WARN_OBJC_LITERAL_CONVERSION = YES;
				CLANG_WARN_OBJC_ROOT_CLASS = YES_ERROR;
				CLANG_WARN_QUOTED_INCLUDE_IN_FRAMEWORK_HEADER = YES;
				CLANG_WARN_RANGE_LOOP_ANALYSIS = YES;
				CLANG_WARN_STRICT_PROTOTYPES = YES;
				CLANG_WARN_SUSPICIOUS_MOVE = YES;
				CLANG_WARN_UNGUARDED_AVAILABILITY = YES_AGGRESSIVE;
				CLANG_WARN_UNREACHABLE_CODE = YES;
				CLANG_WARN__DUPLICATE_METHOD_MATCH = YES;
				COPY_PHASE_STRIP = NO;
				DEBUG_INFORMATION_FORMAT = "dwarf-with-dsym";
				ENABLE_NS_ASSERTIONS = NO;
				ENABLE_STRICT_OBJC_MSGSEND = YES;
				GCC_C_LANGUAGE_STANDARD = gnu11;
				GCC_NO_COMMON_BLOCKS = YES;
				GCC_WARN_64_TO_32_BIT_CONVERSION = YES;
				GCC_WARN_ABOUT_RETURN_TYPE = YES_ERROR;
				GCC_WARN_UNDECLARED_SELECTOR = YES;
				GCC_WARN_UNINITIALIZED_AUTOS = YES_AGGRESSIVE;
				GCC_WARN_UNUSED_FUNCTION = YES;
				GCC_WARN_UNUSED_VARIABLE = YES;
				IPHONEOS_DEPLOYMENT_TARGET = 14.5;
				MTL_ENABLE_DEBUG_INFO = NO;
				MTL_FAST_MATH = YES;
				SDKROOT = iphoneos;
				VALIDATE_PRODUCT = YES;
			};
			name = Release;
		};
		BC49A9E626995C9400321E7C /* Debug */ = {
			isa = XCBuildConfiguration;
			buildSettings = {
				ASSETCATALOG_COMPILER_APPICON_NAME = AppIcon;
				ASSETCATALOG_COMPILER_GLOBAL_ACCENT_COLOR_NAME = AccentColor;
				CODE_SIGN_STYLE = Automatic;
				DEVELOPMENT_TEAM = QY95NGHGP4;
				INFOPLIST_FILE = YesGestureRecognizer/Info.plist;
				LD_RUNPATH_SEARCH_PATHS = (
					"$(inherited)",
					"@executable_path/Frameworks",
				);
				PRODUCT_BUNDLE_IDENTIFIER = severus.peng.YesGestureRecognizer;
				PRODUCT_NAME = "$(TARGET_NAME)";
				TARGETED_DEVICE_FAMILY = "1,2";
			};
			name = Debug;
		};
		BC49A9E726995C9400321E7C /* Release */ = {
			isa = XCBuildConfiguration;
			buildSettings = {
				ASSETCATALOG_COMPILER_APPICON_NAME = AppIcon;
				ASSETCATALOG_COMPILER_GLOBAL_ACCENT_COLOR_NAME = AccentColor;
				CODE_SIGN_STYLE = Automatic;
				DEVELOPMENT_TEAM = QY95NGHGP4;
				INFOPLIST_FILE = YesGestureRecognizer/Info.plist;
				LD_RUNPATH_SEARCH_PATHS = (
					"$(inherited)",
					"@executable_path/Frameworks",
				);
				PRODUCT_BUNDLE_IDENTIFIER = severus.peng.YesGestureRecognizer;
				PRODUCT_NAME = "$(TARGET_NAME)";
				TARGETED_DEVICE_FAMILY = "1,2";
			};
			name = Release;
		};
		BC49A9E926995C9400321E7C /* Debug */ = {
			isa = XCBuildConfiguration;
			buildSettings = {
				BUNDLE_LOADER = "$(TEST_HOST)";
				CODE_SIGN_STYLE = Automatic;
				DEVELOPMENT_TEAM = QY95NGHGP4;
				INFOPLIST_FILE = YesGestureRecognizerTests/Info.plist;
				IPHONEOS_DEPLOYMENT_TARGET = 14.5;
				LD_RUNPATH_SEARCH_PATHS = (
					"$(inherited)",
					"@executable_path/Frameworks",
					"@loader_path/Frameworks",
				);
				PRODUCT_BUNDLE_IDENTIFIER = severus.peng.YesGestureRecognizerTests;
				PRODUCT_NAME = "$(TARGET_NAME)";
				TARGETED_DEVICE_FAMILY = "1,2";
				TEST_HOST = "$(BUILT_PRODUCTS_DIR)/YesGestureRecognizer.app/YesGestureRecognizer";
			};
			name = Debug;
		};
		BC49A9EA26995C9400321E7C /* Release */ = {
			isa = XCBuildConfiguration;
			buildSettings = {
				BUNDLE_LOADER = "$(TEST_HOST)";
				CODE_SIGN_STYLE = Automatic;
				DEVELOPMENT_TEAM = QY95NGHGP4;
				INFOPLIST_FILE = YesGestureRecognizerTests/Info.plist;
				IPHONEOS_DEPLOYMENT_TARGET = 14.5;
				LD_RUNPATH_SEARCH_PATHS = (
					"$(inherited)",
					"@executable_path/Frameworks",
					"@loader_path/Frameworks",
				);
				PRODUCT_BUNDLE_IDENTIFIER = severus.peng.YesGestureRecognizerTests;
				PRODUCT_NAME = "$(TARGET_NAME)";
				TARGETED_DEVICE_FAMILY = "1,2";
				TEST_HOST = "$(BUILT_PRODUCTS_DIR)/YesGestureRecognizer.app/YesGestureRecognizer";
			};
			name = Release;
		};
		BC49A9EC26995C9400321E7C /* Debug */ = {
			isa = XCBuildConfiguration;
			buildSettings = {
				CODE_SIGN_STYLE = Automatic;
				DEVELOPMENT_TEAM = QY95NGHGP4;
				INFOPLIST_FILE = YesGestureRecognizerUITests/Info.plist;
				LD_RUNPATH_SEARCH_PATHS = (
					"$(inherited)",
					"@executable_path/Frameworks",
					"@loader_path/Frameworks",
				);
				PRODUCT_BUNDLE_IDENTIFIER = severus.peng.YesGestureRecognizerUITests;
				PRODUCT_NAME = "$(TARGET_NAME)";
				TARGETED_DEVICE_FAMILY = "1,2";
				TEST_TARGET_NAME = YesGestureRecognizer;
			};
			name = Debug;
		};
		BC49A9ED26995C9400321E7C /* Release */ = {
			isa = XCBuildConfiguration;
			buildSettings = {
				CODE_SIGN_STYLE = Automatic;
				DEVELOPMENT_TEAM = QY95NGHGP4;
				INFOPLIST_FILE = YesGestureRecognizerUITests/Info.plist;
				LD_RUNPATH_SEARCH_PATHS = (
					"$(inherited)",
					"@executable_path/Frameworks",
					"@loader_path/Frameworks",
				);
				PRODUCT_BUNDLE_IDENTIFIER = severus.peng.YesGestureRecognizerUITests;
				PRODUCT_NAME = "$(TARGET_NAME)";
				TARGETED_DEVICE_FAMILY = "1,2";
				TEST_TARGET_NAME = YesGestureRecognizer;
			};
			name = Release;
		};
/* End XCBuildConfiguration section */

/* Begin XCConfigurationList section */
		BC49A9B126995C8F00321E7C /* Build configuration list for PBXProject "YesGestureRecognizer" */ = {
			isa = XCConfigurationList;
			buildConfigurations = (
				BC49A9E326995C9400321E7C /* Debug */,
				BC49A9E426995C9400321E7C /* Release */,
			);
			defaultConfigurationIsVisible = 0;
			defaultConfigurationName = Release;
		};
		BC49A9E526995C9400321E7C /* Build configuration list for PBXNativeTarget "YesGestureRecognizer" */ = {
			isa = XCConfigurationList;
			buildConfigurations = (
				BC49A9E626995C9400321E7C /* Debug */,
				BC49A9E726995C9400321E7C /* Release */,
			);
			defaultConfigurationIsVisible = 0;
			defaultConfigurationName = Release;
		};
		BC49A9E826995C9400321E7C /* Build configuration list for PBXNativeTarget "YesGestureRecognizerTests" */ = {
			isa = XCConfigurationList;
			buildConfigurations = (
				BC49A9E926995C9400321E7C /* Debug */,
				BC49A9EA26995C9400321E7C /* Release */,
			);
			defaultConfigurationIsVisible = 0;
			defaultConfigurationName = Release;
		};
		BC49A9EB26995C9400321E7C /* Build configuration list for PBXNativeTarget "YesGestureRecognizerUITests" */ = {
			isa = XCConfigurationList;
			buildConfigurations = (
				BC49A9EC26995C9400321E7C /* Debug */,
				BC49A9ED26995C9400321E7C /* Release */,
			);
			defaultConfigurationIsVisible = 0;
			defaultConfigurationName = Release;
		};
/* End XCConfigurationList section */
	};
	rootObject = BC49A9AE26995C8F00321E7C /* Project object */;
}
